github.com/yongjohnlee80/autodoc v0.1.21 h1:ErwbPfYuapnSRHfxWrmYYJdZ190RaebOM7cQQ/z9W1o=
github.com/yongjohnlee80/autodoc v0.1.21/go.mod h1:SNU/lFIKwB46CZmlHQQfbhTs680RrQKhljhMUybY+80=
github.com/yongjohnlee80/golib v0.6.39 h1:inXS6E+yXmGAJqxg2uHl83ZsCYVh048Cynd2OB//4jE=
github.com/yongjohnlee80/golib v0.6.39/go.mod h1:RAvsFuXFRS4qjOGL7Af9SRHVixI6cy0o4jsvPxRlTlc=
gopkg.in/check.v1 v0.0.0-20161208181325-20d25e280405 h1:yhCVgyC4o1eVCa2tZl7eS0r+SDo693bJlVdllGtEeKM=
gopkg.in/check.v1 v0.0.0-20161208181325-20d25e280405/go.mod h1:Co6ibVJAznAaIkqp8huTwlJQCZ016jof/cbN4VW5Yz0=
gopkg.in/yaml.v3 v3.0.1 h1:fxVm/GzAzEWqLHuvctI91KS9hhNmmWOoWu0XTYJS7CA=
gopkg.in/yaml.v3 v3.0.1/go.mod h1:K4uyk7z7BCEPqu6E+C64Yfv1cQ7kz7rIZviUmN+EgEM=
